github.com/golang/protobuf v1.5.0/go.mod h1:FsONVRAS9T7sI+LIUmWTfcYkHO4aIWwzhcaSAoJOfIk=
github.com/golang/protobuf v1.5.2 h1:ROPKBNFfQgOUMifHyP+KYbvpjbdoFNs+aK7DXlji0Tw=
github.com/golang/protobuf v1.5.2/go.mod h1:XVQd3VNwM+JqD3oG2Ue2ip4fOMUkwXdXDdiuN0vRsmY=
github.com/google/go-cmp v0.5.5/go.mod h1:v8dTdLbMG2kIc/vJvl+f65V22dbkXbowE6jgT/gNBxE=
github.com/google/go-cmp v0.5.6 h1:BKbKCqvP6I+rmFHt06ZmyQtvB8xAkWdhFyr0ZUNZcxQ=
github.com/opiproject/opi-api v0.0.0-20221004131627-0ce0fa11f18c h1:f+kOJUIbcYlZAWuBAlQgCJ4FS3qyj3MSgXoIhz7rymk=
github.com/opiproject/opi-api v0.0.0-20221004131627-0ce0fa11f18c/go.mod h1:92pv4ulvvPMuxCJ9ND3aYbmBfEMLx0VCjpkiR7ZTqPY=
github.com/opiproject/opi-api v0.0.0-20221011162311-c65f60c84188 h1:+9g1a8N970K409ODvMLkLtgWaqyD0dmJ0VwGR/tTog4=
github.com/opiproject/opi-api v0.0.0-20221011162311-c65f60c84188/go.mod h1:92pv4ulvvPMuxCJ9ND3aYbmBfEMLx0VCjpkiR7ZTqPY=
github.com/opiproject/opi-api v0.0.0-20221011191720-71dfd92661fb h1:5FlfaUP0fkZNDqf9zeTm0of3wEtr9nyBAh/t5P26sSE=
github.com/opiproject/opi-api v0.0.0-20221011191720-71dfd92661fb/go.mod h1:92pv4ulvvPMuxCJ9ND3aYbmBfEMLx0VCjpkiR7ZTqPY=
github.com/opiproject/opi-api v0.0.0-20221012134350-65199a33c618 h1:QqNWy1gTfdilpbM+BDh5ysR834Oy/7f2fuP0d/j7LgU=
github.com/opiproject/opi-api v0.0.0-20221012134350-65199a33c618/go.mod h1:92pv4ulvvPMuxCJ9ND3aYbmBfEMLx0VCjpkiR7ZTqPY=
github.com/opiproject/opi-api v0.0.0-20221014192412-69b132c4e5d3 h1:mVaFZygzzIHA+IAcCf7MyDRRc5HoCWM1g2Rf2b+oPww=
github.com/opiproject/opi-api v0.0.0-20221014192412-69b132c4e5d3/go.mod h1:92pv4ulvvPMuxCJ9ND3aYbmBfEMLx0VCjpkiR7ZTqPY=
github.com/opiproject/opi-api v0.0.0-20221017155427-c7e517faa5a0 h1:ynMdJLFlA4dr+gfoYEpwLC/VdUFDZOW2KOyyaSd24BU=
github.com/opiproject/opi-api v0.0.0-20221017155427-c7e517faa5a0/go.mod h1:92pv4ulvvPMuxCJ9ND3aYbmBfEMLx0VCjpkiR7ZTqPY=
github.com/opiproject/opi-api v0.0.0-20221018105255-1eaf24be7a73 h1:7+ofUSIINiguX2f2B7xRrYz9FnOuJ3q3FtkyCbroaqk=
github.com/opiproject/opi-api v0.0.0-20221018105255-1eaf24be7a73/go.mod h1:92pv4ulvvPMuxCJ9ND3aYbmBfEMLx0VCjpkiR7ZTqPY=
github.com/opiproject/opi-api v0.0.0-20221018124957-d2a93c1bd40b h1:y0xhg4YjcJ+FRYOnfl4d7kkaZa2zH1airB12MNxrbfk=
github.com/opiproject/opi-api v0.0.0-20221018124957-d2a93c1bd40b/go.mod h1:92pv4ulvvPMuxCJ9ND3aYbmBfEMLx0VCjpkiR7ZTqPY=
github.com/opiproject/opi-api v0.0.0-20221018203211-8703af0d8989 h1:UD/S9UWR9N/qfeuSBoCWjOzQuaIk+qov6WzUqvfp2Gk=
github.com/opiproject/opi-api v0.0.0-20221018203211-8703af0d8989/go.mod h1:92pv4ulvvPMuxCJ9ND3aYbmBfEMLx0VCjpkiR7ZTqPY=
github.com/opiproject/opi-api v0.0.0-20221027164521-c9df395a897f h1:tVoMNGfa1QkF3pXKy806swWDMNLpk4CuMvBRNS2bE4k=
github.com/opiproject/opi-api v0.0.0-20221027164521-c9df395a897f/go.mod h1:92pv4ulvvPMuxCJ9ND3aYbmBfEMLx0VCjpkiR7ZTqPY=
github.com/opiproject/opi-api v0.0.0-20221031174843-5ec9cbc60109 h1:AJaM4TojlIB2aY3gb63BpLo8bjDndjDwr7RRXt4Yk2A=
github.com/opiproject/opi-api v0.0.0-20221031174843-5ec9cbc60109/go.mod h1:92pv4ulvvPMuxCJ9ND3aYbmBfEMLx0VCjpkiR7ZTqPY=
github.com/opiproject/opi-api v0.0.0-20221101224637-22b77cdc0625 h1:CPjLzORRn+/k13+WA3m5tI1c/JytSY13Ua6AZcnCNUA=
github.com/opiproject/opi-api v0.0.0-20221101224637-22b77cdc0625/go.mod h1:92pv4ulvvPMuxCJ9ND3aYbmBfEMLx0VCjpkiR7ZTqPY=
github.com/opiproject/opi-api v0.0.0-20221102145024-1b5a67ca57ab h1:U616PUfDkuIq0BMo91SW8rxDJ0LbX3RdML86m2DZ6D4=
github.com/opiproject/opi-api v0.0.0-20221102145024-1b5a67ca57ab/go.mod h1:92pv4ulvvPMuxCJ9ND3aYbmBfEMLx0VCjpkiR7ZTqPY=
github.com/opiproject/opi-api v0.0.0-20221102195714-805c63e06611 h1:PvBuobh2upqclbr19wytX/Z4tShyFGwPEThJZ6IGEGk=
github.com/opiproject/opi-api v0.0.0-20221102195714-805c63e06611/go.mod h1:92pv4ulvvPMuxCJ9ND3aYbmBfEMLx0VCjpkiR7ZTqPY=
golang.org/x/net v0.0.0-20221002022538-bcab6841153b h1:6e93nYa3hNqAvLr0pD4PN1fFS+gKzp2zAXqrnTCstqU=
golang.org/x/net v0.0.0-20221002022538-bcab6841153b/go.mod h1:YDH+HFinaLZZlnHAfSS6ZXJJ9M9t4Dl22yv3iI2vPwk=
golang.org/x/sys v0.0.0-20220928140112-f11e5e49a4ec h1:BkDtF2Ih9xZ7le9ndzTA7KJow28VbQW3odyk/8drmuI=
golang.org/x/sys v0.0.0-20220928140112-f11e5e49a4ec/go.mod h1:oPkhp1MJrh7nUepCBck5+mAzfO9JrbApNNgaTdGDITg=
golang.org/x/text v0.3.7 h1:olpwvP2KacW1ZWvsR7uQhoyTYvKAupfQrRGBFM352Gk=
golang.org/x/text v0.3.7/go.mod h1:u+2+/6zg+i71rQMx5EYifcz6MCKuco9NR6JIITiCfzQ=
golang.org/x/xerrors v0.0.0-20191204190536-9bdfabe68543/go.mod h1:I/5z698sn9Ka8TeJc9MKroUUfqBBauWjQqLJ2OPfmY0=
golang.org/x/xerrors v0.0.0-20200804184101-5ec99f83aff1 h1:go1bK/D/BFZV2I8cIQd1NKEZ+0owSTG1fDTci4IqFcE=
google.golang.org/genproto v0.0.0-20220930163606-c98284e70a91 h1:Ezh2cpcnP5Rq60sLensUsFnxh7P6513NLvNtCm9iyJ4=
google.golang.org/genproto v0.0.0-20220930163606-c98284e70a91/go.mod h1:3526vdqwhZAwq4wsRUaVG555sVgsNmIjRtO7t/JH29U=
google.golang.org/grpc v1.49.0 h1:WTLtQzmQori5FUH25Pq4WT22oCsv8USpQ+F6rqtsmxw=
google.golang.org/grpc v1.49.0/go.mod h1:ZgQEeidpAuNRZ8iRrlBKXZQP1ghovWIVhdJRyCDK+GI=
google.golang.org/grpc v1.50.0 h1:fPVVDxY9w++VjTZsYvXWqEf9Rqar/e+9zYfxKK+W+YU=
google.golang.org/grpc v1.50.0/go.mod h1:ZgQEeidpAuNRZ8iRrlBKXZQP1ghovWIVhdJRyCDK+GI=
google.golang.org/grpc v1.50.1 h1:DS/BukOZWp8s6p4Dt/tOaJaTQyPyOoCcrjroHuCeLzY=
google.golang.org/grpc v1.50.1/go.mod h1:ZgQEeidpAuNRZ8iRrlBKXZQP1ghovWIVhdJRyCDK+GI=
google.golang.org/protobuf v1.26.0-rc.1/go.mod h1:jlhhOSvTdKEhbULTjvd4ARK9grFBp09yW+WbY/TyQbw=
google.golang.org/protobuf v1.26.0/go.mod h1:9q0QmTI4eRPtz6boOQmLYwt+qCgq0jsYwAQnmE0givc=
google.golang.org/protobuf v1.28.1 h1:d0NfwRgPtno5B1Wa6L2DAG+KivqkdutMf1UhdNx175w=
google.golang.org/protobuf v1.28.1/go.mod h1:HV8QOd/L58Z+nl8r43ehVNZIU/HEI6OcFqwMG9pJV4I=
